{
  "pins" : [
    {
      "identity" : "gvc-core",
      "kind" : "remoteSourceControl",
      "location" : "https://github.com/neurothrone/gvc-core.git",
      "state" : {
        "branch" : "main",
        "revision" : "03ae28fa3a2077e9d58d485ec1def88c485d0ab0"
      }
    }
  ],
  "version" : 2
}
