// !$*UTF8*$!
{
	archiveVersion = 1;
	classes = {
	};
	objectVersion = 56;
	objects = {

/* Begin PBXBuildFile section */
		2F3893572907F11700E0FF86 /* GVCCore in Frameworks */ = {isa = PBXBuildFile; productRef = 2F3893562907F11700E0FF86 /* GVCCore */; };
		2F38935D29080B8F00E0FF86 /* DecimalTextFieldView.swift in Sources */ = {isa = PBXBuildFile; fileRef = 2F38935C29080B8F00E0FF86 /* DecimalTextFieldView.swift */; };
		2F38935F29080C0700E0FF86 /* MainScreen.swift in Sources */ = {isa = PBXBuildFile; fileRef = 2F38935E29080C0700E0FF86 /* MainScreen.swift */; };
		2F38936729080CA000E0FF86 /* Localizable.strings in Resources */ = {isa = PBXBuildFile; fileRef = 2F38936129080CA000E0FF86 /* Localizable.strings */; };
		2F38936829080CA000E0FF86 /* LocalizedStrings.swift in Sources */ = {isa = PBXBuildFile; fileRef = 2F38936329080CA000E0FF86 /* LocalizedStrings.swift */; };
		2F38936929080CA000E0FF86 /* Localizable.strings in Resources */ = {isa = PBXBuildFile; fileRef = 2F38936529080CA000E0FF86 /* Localizable.strings */; };
		2F38936B29080EE100E0FF86 /* NPSSelectionView.swift in Sources */ = {isa = PBXBuildFile; fileRef = 2F38936A29080EE100E0FF86 /* NPSSelectionView.swift */; };
		2F38936F290819ED00E0FF86 /* FormatStyle+Extensions.swift in Sources */ = {isa = PBXBuildFile; fileRef = 2F38936E290819ED00E0FF86 /* FormatStyle+Extensions.swift */; };
		2F38937129081E2200E0FF86 /* PressureSelectionView.swift in Sources */ = {isa = PBXBuildFile; fileRef = 2F38937029081E2200E0FF86 /* PressureSelectionView.swift */; };
		2F3893732908215D00E0FF86 /* CalculateResultView.swift in Sources */ = {isa = PBXBuildFile; fileRef = 2F3893722908215D00E0FF86 /* CalculateResultView.swift */; };
		2F3893752908230D00E0FF86 /* SectionHeaderView.swift in Sources */ = {isa = PBXBuildFile; fileRef = 2F3893742908230D00E0FF86 /* SectionHeaderView.swift */; };
		2F3893772908248800E0FF86 /* NPSLinkView.swift in Sources */ = {isa = PBXBuildFile; fileRef = 2F3893762908248800E0FF86 /* NPSLinkView.swift */; };
		2F3893792908273700E0FF86 /* PreviousCalculationsView.swift in Sources */ = {isa = PBXBuildFile; fileRef = 2F3893782908273700E0FF86 /* PreviousCalculationsView.swift */; };
		2F38937B2908378100E0FF86 /* NumberFormatter+Extensions.swift in Sources */ = {isa = PBXBuildFile; fileRef = 2F38937A2908378100E0FF86 /* NumberFormatter+Extensions.swift */; };
		2F38937D2908390400E0FF86 /* Double+Extensions.swift in Sources */ = {isa = PBXBuildFile; fileRef = 2F38937C2908390400E0FF86 /* Double+Extensions.swift */; };
		2F38938329083E4500E0FF86 /* Tab.swift in Sources */ = {isa = PBXBuildFile; fileRef = 2F38938229083E4500E0FF86 /* Tab.swift */; };
		2F3893862908624B00E0FF86 /* CalculationModel+Preview.swift in Sources */ = {isa = PBXBuildFile; fileRef = 2F3893852908624B00E0FF86 /* CalculationModel+Preview.swift */; };
		2F389388290863A900E0FF86 /* CalculationModel.swift in Sources */ = {isa = PBXBuildFile; fileRef = 2F389387290863A900E0FF86 /* CalculationModel.swift */; };
		2F3E50EA2907EC4400B1D9AB /* GasVolumeCalculatorApp.swift in Sources */ = {isa = PBXBuildFile; fileRef = 2F3E50E92907EC4400B1D9AB /* GasVolumeCalculatorApp.swift */; };
		2F3E50EC2907EC4400B1D9AB /* ContentView.swift in Sources */ = {isa = PBXBuildFile; fileRef = 2F3E50EB2907EC4400B1D9AB /* ContentView.swift */; };
		2F3E50EE2907EC4500B1D9AB /* Assets.xcassets in Resources */ = {isa = PBXBuildFile; fileRef = 2F3E50ED2907EC4500B1D9AB /* Assets.xcassets */; };
		2F3E50F22907EC4500B1D9AB /* Preview Assets.xcassets in Resources */ = {isa = PBXBuildFile; fileRef = 2F3E50F12907EC4500B1D9AB /* Preview Assets.xcassets */; };
		2F3E50FA2907ECCB00B1D9AB /* LICENSE in Resources */ = {isa = PBXBuildFile; fileRef = 2F3E50F82907ECCB00B1D9AB /* LICENSE */; };
		2F3E50FB2907ECCB00B1D9AB /* README.md in Resources */ = {isa = PBXBuildFile; fileRef = 2F3E50F92907ECCB00B1D9AB /* README.md */; };
/* End PBXBuildFile section */

/* Begin PBXFileReference section */
		2F38935C29080B8F00E0FF86 /* DecimalTextFieldView.swift */ = {isa = PBXFileReference; lastKnownFileType = sourcecode.swift; path = DecimalTextFieldView.swift; sourceTree = "<group>"; };
		2F38935E29080C0700E0FF86 /* MainScreen.swift */ = {isa = PBXFileReference; lastKnownFileType = sourcecode.swift; path = MainScreen.swift; sourceTree = "<group>"; };
		2F38936229080CA000E0FF86 /* en */ = {isa = PBXFileReference; lastKnownFileType = text.plist.strings; name = en; path = Localizable.strings; sourceTree = "<group>"; };
		2F38936329080CA000E0FF86 /* LocalizedStrings.swift */ = {isa = PBXFileReference; fileEncoding = 4; lastKnownFileType = sourcecode.swift; path = LocalizedStrings.swift; sourceTree = "<group>"; };
		2F38936629080CA000E0FF86 /* sv */ = {isa = PBXFileReference; lastKnownFileType = text.plist.strings; name = sv; path = Localizable.strings; sourceTree = "<group>"; };
		2F38936A29080EE100E0FF86 /* NPSSelectionView.swift */ = {isa = PBXFileReference; lastKnownFileType = sourcecode.swift; path = NPSSelectionView.swift; sourceTree = "<group>"; };
		2F38936E290819ED00E0FF86 /* FormatStyle+Extensions.swift */ = {isa = PBXFileReference; lastKnownFileType = sourcecode.swift; path = "FormatStyle+Extensions.swift"; sourceTree = "<group>"; };
		2F38937029081E2200E0FF86 /* PressureSelectionView.swift */ = {isa = PBXFileReference; lastKnownFileType = sourcecode.swift; path = PressureSelectionView.swift; sourceTree = "<group>"; };
		2F3893722908215D00E0FF86 /* CalculateResultView.swift */ = {isa = PBXFileReference; lastKnownFileType = sourcecode.swift; path = CalculateResultView.swift; sourceTree = "<group>"; };
		2F3893742908230D00E0FF86 /* SectionHeaderView.swift */ = {isa = PBXFileReference; lastKnownFileType = sourcecode.swift; path = SectionHeaderView.swift; sourceTree = "<group>"; };
		2F3893762908248800E0FF86 /* NPSLinkView.swift */ = {isa = PBXFileReference; lastKnownFileType = sourcecode.swift; path = NPSLinkView.swift; sourceTree = "<group>"; };
		2F3893782908273700E0FF86 /* PreviousCalculationsView.swift */ = {isa = PBXFileReference; lastKnownFileType = sourcecode.swift; path = PreviousCalculationsView.swift; sourceTree = "<group>"; };
		2F38937A2908378100E0FF86 /* NumberFormatter+Extensions.swift */ = {isa = PBXFileReference; lastKnownFileType = sourcecode.swift; path = "NumberFormatter+Extensions.swift"; sourceTree = "<group>"; };
		2F38937C2908390400E0FF86 /* Double+Extensions.swift */ = {isa = PBXFileReference; lastKnownFileType = sourcecode.swift; path = "Double+Extensions.swift"; sourceTree = "<group>"; };
		2F38938229083E4500E0FF86 /* Tab.swift */ = {isa = PBXFileReference; lastKnownFileType = sourcecode.swift; path = Tab.swift; sourceTree = "<group>"; };
		2F3893852908624B00E0FF86 /* CalculationModel+Preview.swift */ = {isa = PBXFileReference; lastKnownFileType = sourcecode.swift; path = "CalculationModel+Preview.swift"; sourceTree = "<group>"; };
		2F389387290863A900E0FF86 /* CalculationModel.swift */ = {isa = PBXFileReference; lastKnownFileType = sourcecode.swift; path = CalculationModel.swift; sourceTree = "<group>"; };
		2F3E50E62907EC4400B1D9AB /* GVC-Apple-Multiplatform.app */ = {isa = PBXFileReference; explicitFileType = wrapper.application; includeInIndex = 0; path = "GVC-Apple-Multiplatform.app"; sourceTree = BUILT_PRODUCTS_DIR; };
		2F3E50E92907EC4400B1D9AB /* GasVolumeCalculatorApp.swift */ = {isa = PBXFileReference; lastKnownFileType = sourcecode.swift; path = GasVolumeCalculatorApp.swift; sourceTree = "<group>"; };
		2F3E50EB2907EC4400B1D9AB /* ContentView.swift */ = {isa = PBXFileReference; lastKnownFileType = sourcecode.swift; path = ContentView.swift; sourceTree = "<group>"; };
		2F3E50ED2907EC4500B1D9AB /* Assets.xcassets */ = {isa = PBXFileReference; lastKnownFileType = folder.assetcatalog; path = Assets.xcassets; sourceTree = "<group>"; };
		2F3E50EF2907EC4500B1D9AB /* GVC_Apple_Multiplatform.entitlements */ = {isa = PBXFileReference; lastKnownFileType = text.plist.entitlements; path = GVC_Apple_Multiplatform.entitlements; sourceTree = "<group>"; };
		2F3E50F12907EC4500B1D9AB /* Preview Assets.xcassets */ = {isa = PBXFileReference; lastKnownFileType = folder.assetcatalog; path = "Preview Assets.xcassets"; sourceTree = "<group>"; };
		2F3E50F82907ECCB00B1D9AB /* LICENSE */ = {isa = PBXFileReference; fileEncoding = 4; lastKnownFileType = text; path = LICENSE; sourceTree = "<group>"; };
		2F3E50F92907ECCB00B1D9AB /* README.md */ = {isa = PBXFileReference; fileEncoding = 4; lastKnownFileType = net.daringfireball.markdown; path = README.md; sourceTree = "<group>"; };
/* End PBXFileReference section */

/* Begin PBXFrameworksBuildPhase section */
		2F3E50E32907EC4400B1D9AB /* Frameworks */ = {
			isa = PBXFrameworksBuildPhase;
			buildActionMask = 2147483647;
			files = (
				2F3893572907F11700E0FF86 /* GVCCore in Frameworks */,
			);
			runOnlyForDeploymentPostprocessing = 0;
		};
/* End PBXFrameworksBuildPhase section */

/* Begin PBXGroup section */
		2F38935B29080B8100E0FF86 /* UI */ = {
			isa = PBXGroup;
			children = (
				2F38938229083E4500E0FF86 /* Tab.swift */,
				2F38937E29083DC800E0FF86 /* Calculate */,
				2F38937F29083DCC00E0FF86 /* Previous Calculations */,
			);
			path = UI;
			sourceTree = "<group>";
		};
		2F38936029080CA000E0FF86 /* en.lproj */ = {
			isa = PBXGroup;
			children = (
				2F38936129080CA000E0FF86 /* Localizable.strings */,
			);
			path = en.lproj;
			sourceTree = "<group>";
		};
		2F38936429080CA000E0FF86 /* sv.lproj */ = {
			isa = PBXGroup;
			children = (
				2F38936529080CA000E0FF86 /* Localizable.strings */,
			);
			path = sv.lproj;
			sourceTree = "<group>";
		};
		2F38936C2908184800E0FF86 /* Localization */ = {
			isa = PBXGroup;
			children = (
				2F38936329080CA000E0FF86 /* LocalizedStrings.swift */,
				2F38936029080CA000E0FF86 /* en.lproj */,
				2F38936429080CA000E0FF86 /* sv.lproj */,
			);
			path = Localization;
			sourceTree = "<group>";
		};
		2F38936D290819D400E0FF86 /* Extensions */ = {
			isa = PBXGroup;
			children = (
				2F38937C2908390400E0FF86 /* Double+Extensions.swift */,
				2F38936E290819ED00E0FF86 /* FormatStyle+Extensions.swift */,
				2F38937A2908378100E0FF86 /* NumberFormatter+Extensions.swift */,
			);
			path = Extensions;
			sourceTree = "<group>";
		};
		2F38937E29083DC800E0FF86 /* Calculate */ = {
			isa = PBXGroup;
			children = (
				2F38935E29080C0700E0FF86 /* MainScreen.swift */,
				2F38938029083DE900E0FF86 /* Components */,
			);
			path = Calculate;
			sourceTree = "<group>";
		};
		2F38937F29083DCC00E0FF86 /* Previous Calculations */ = {
			isa = PBXGroup;
			children = (
				2F3893782908273700E0FF86 /* PreviousCalculationsView.swift */,
			);
			path = "Previous Calculations";
			sourceTree = "<group>";
		};
		2F38938029083DE900E0FF86 /* Components */ = {
			isa = PBXGroup;
			children = (
				2F38936A29080EE100E0FF86 /* NPSSelectionView.swift */,
				2F3893762908248800E0FF86 /* NPSLinkView.swift */,
				2F38935C29080B8F00E0FF86 /* DecimalTextFieldView.swift */,
				2F38937029081E2200E0FF86 /* PressureSelectionView.swift */,
				2F3893742908230D00E0FF86 /* SectionHeaderView.swift */,
				2F3893722908215D00E0FF86 /* CalculateResultView.swift */,
			);
			path = Components;
			sourceTree = "<group>";
		};
		2F3893842908622D00E0FF86 /* Data */ = {
			isa = PBXGroup;
			children = (
				2F389387290863A900E0FF86 /* CalculationModel.swift */,
			);
			path = Data;
			sourceTree = "<group>";
		};
		2F3E50DD2907EC4400B1D9AB = {
			isa = PBXGroup;
			children = (
				2F3E50F82907ECCB00B1D9AB /* LICENSE */,
				2F3E50F92907ECCB00B1D9AB /* README.md */,
				2F3E50E82907EC4400B1D9AB /* GVC-Apple-Multiplatform */,
				2F3E50E72907EC4400B1D9AB /* Products */,
			);
			sourceTree = "<group>";
		};
		2F3E50E72907EC4400B1D9AB /* Products */ = {
			isa = PBXGroup;
			children = (
				2F3E50E62907EC4400B1D9AB /* GVC-Apple-Multiplatform.app */,
			);
			name = Products;
			sourceTree = "<group>";
		};
		2F3E50E82907EC4400B1D9AB /* GVC-Apple-Multiplatform */ = {
			isa = PBXGroup;
			children = (
				2F3E50E92907EC4400B1D9AB /* GasVolumeCalculatorApp.swift */,
				2F3E50EB2907EC4400B1D9AB /* ContentView.swift */,
				2F3E50ED2907EC4500B1D9AB /* Assets.xcassets */,
				2F3E50EF2907EC4500B1D9AB /* GVC_Apple_Multiplatform.entitlements */,
				2F3893842908622D00E0FF86 /* Data */,
				2F38936D290819D400E0FF86 /* Extensions */,
				2F38936C2908184800E0FF86 /* Localization */,
				2F38935B29080B8100E0FF86 /* UI */,
				2F3E50F02907EC4500B1D9AB /* Preview Content */,
			);
			path = "GVC-Apple-Multiplatform";
			sourceTree = "<group>";
		};
		2F3E50F02907EC4500B1D9AB /* Preview Content */ = {
			isa = PBXGroup;
			children = (
				2F3893852908624B00E0FF86 /* CalculationModel+Preview.swift */,
				2F3E50F12907EC4500B1D9AB /* Preview Assets.xcassets */,
			);
			path = "Preview Content";
			sourceTree = "<group>";
		};
/* End PBXGroup section */

/* Begin PBXNativeTarget section */
		2F3E50E52907EC4400B1D9AB /* GVC-Apple-Multiplatform */ = {
			isa = PBXNativeTarget;
			buildConfigurationList = 2F3E50F52907EC4500B1D9AB /* Build configuration list for PBXNativeTarget "GVC-Apple-Multiplatform" */;
			buildPhases = (
				2F3E50E22907EC4400B1D9AB /* Sources */,
				2F3E50E32907EC4400B1D9AB /* Frameworks */,
				2F3E50E42907EC4400B1D9AB /* Resources */,
			);
			buildRules = (
			);
			dependencies = (
			);
			name = "GVC-Apple-Multiplatform";
			packageProductDependencies = (
				2F3893562907F11700E0FF86 /* GVCCore */,
			);
			productName = "GVC-Apple-Multiplatform";
			productReference = 2F3E50E62907EC4400B1D9AB /* GVC-Apple-Multiplatform.app */;
			productType = "com.apple.product-type.application";
		};
/* End PBXNativeTarget section */

/* Begin PBXProject section */
		2F3E50DE2907EC4400B1D9AB /* Project object */ = {
			isa = PBXProject;
			attributes = {
				BuildIndependentTargetsInParallel = 1;
				LastSwiftUpdateCheck = 1400;
				LastUpgradeCheck = 1400;
				TargetAttributes = {
					2F3E50E52907EC4400B1D9AB = {
						CreatedOnToolsVersion = 14.0.1;
					};
				};
			};
			buildConfigurationList = 2F3E50E12907EC4400B1D9AB /* Build configuration list for PBXProject "GVC-Apple-Multiplatform" */;
			compatibilityVersion = "Xcode 14.0";
			developmentRegion = en;
			hasScannedForEncodings = 0;
			knownRegions = (
				en,
				Base,
				sv,
			);
			mainGroup = 2F3E50DD2907EC4400B1D9AB;
			packageReferences = (
				2F3893552907F11700E0FF86 /* XCRemoteSwiftPackageReference "gvc-core" */,
			);
			productRefGroup = 2F3E50E72907EC4400B1D9AB /* Products */;
			projectDirPath = "";
			projectRoot = "";
			targets = (
				2F3E50E52907EC4400B1D9AB /* GVC-Apple-Multiplatform */,
			);
		};
/* End PBXProject section */

/* Begin PBXResourcesBuildPhase section */
		2F3E50E42907EC4400B1D9AB /* Resources */ = {
			isa = PBXResourcesBuildPhase;
			buildActionMask = 2147483647;
			files = (
				2F38936729080CA000E0FF86 /* Localizable.strings in Resources */,
				2F38936929080CA000E0FF86 /* Localizable.strings in Resources */,
				2F3E50FA2907ECCB00B1D9AB /* LICENSE in Resources */,
				2F3E50F22907EC4500B1D9AB /* Preview Assets.xcassets in Resources */,
				2F3E50FB2907ECCB00B1D9AB /* README.md in Resources */,
				2F3E50EE2907EC4500B1D9AB /* Assets.xcassets in Resources */,
			);
			runOnlyForDeploymentPostprocessing = 0;
		};
/* End PBXResourcesBuildPhase section */

/* Begin PBXSourcesBuildPhase section */
		2F3E50E22907EC4400B1D9AB /* Sources */ = {
			isa = PBXSourcesBuildPhase;
			buildActionMask = 2147483647;
			files = (
				2F38937129081E2200E0FF86 /* PressureSelectionView.swift in Sources */,
				2F38935D29080B8F00E0FF86 /* DecimalTextFieldView.swift in Sources */,
				2F38937D2908390400E0FF86 /* Double+Extensions.swift in Sources */,
				2F3893732908215D00E0FF86 /* CalculateResultView.swift in Sources */,
				2F38935F29080C0700E0FF86 /* MainScreen.swift in Sources */,
				2F389388290863A900E0FF86 /* CalculationModel.swift in Sources */,
				2F3E50EC2907EC4400B1D9AB /* ContentView.swift in Sources */,
				2F3893862908624B00E0FF86 /* CalculationModel+Preview.swift in Sources */,
				2F3893772908248800E0FF86 /* NPSLinkView.swift in Sources */,
				2F38936F290819ED00E0FF86 /* FormatStyle+Extensions.swift in Sources */,
				2F38936829080CA000E0FF86 /* LocalizedStrings.swift in Sources */,
				2F3893752908230D00E0FF86 /* SectionHeaderView.swift in Sources */,
				2F38937B2908378100E0FF86 /* NumberFormatter+Extensions.swift in Sources */,
				2F38936B29080EE100E0FF86 /* NPSSelectionView.swift in Sources */,
				2F38938329083E4500E0FF86 /* Tab.swift in Sources */,
				2F3E50EA2907EC4400B1D9AB /* GasVolumeCalculatorApp.swift in Sources */,
				2F3893792908273700E0FF86 /* PreviousCalculationsView.swift in Sources */,
			);
			runOnlyForDeploymentPostprocessing = 0;
		};
/* End PBXSourcesBuildPhase section */

/* Begin PBXVariantGroup section */
		2F38936129080CA000E0FF86 /* Localizable.strings */ = {
			isa = PBXVariantGroup;
			children = (
				2F38936229080CA000E0FF86 /* en */,
			);
			name = Localizable.strings;
			sourceTree = "<group>";
		};
		2F38936529080CA000E0FF86 /* Localizable.strings */ = {
			isa = PBXVariantGroup;
			children = (
				2F38936629080CA000E0FF86 /* sv */,
			);
			name = Localizable.strings;
			sourceTree = "<group>";
		};
/* End PBXVariantGroup section */

/* Begin XCBuildConfiguration section */
		2F3E50F32907EC4500B1D9AB /* Debug */ = {
			isa = XCBuildConfiguration;
			buildSettings = {
				ALWAYS_SEARCH_USER_PATHS = NO;
				CLANG_ANALYZER_NONNULL = YES;
				CLANG_ANALYZER_NUMBER_OBJECT_CONVERSION = YES_AGGRESSIVE;
				CLANG_CXX_LANGUAGE_STANDARD = "gnu++20";
				CLANG_ENABLE_MODULES = YES;
				CLANG_ENABLE_OBJC_ARC = YES;
				CLANG_ENABLE_OBJC_WEAK = YES;
				CLANG_WARN_BLOCK_CAPTURE_AUTORELEASING = YES;
				CLANG_WARN_BOOL_CONVERSION = YES;
				CLANG_WARN_COMMA = YES;
				CLANG_WARN_CONSTANT_CONVERSION = YES;
				CLANG_WARN_DEPRECATED_OBJC_IMPLEMENTATIONS = YES;
				CLANG_WARN_DIRECT_OBJC_ISA_USAGE = YES_ERROR;
				CLANG_WARN_DOCUMENTATION_COMMENTS = YES;
				CLANG_WARN_EMPTY_BODY = YES;
				CLANG_WARN_ENUM_CONVERSION = YES;
				CLANG_WARN_INFINITE_RECURSION = YES;
				CLANG_WARN_INT_CONVERSION = YES;
				CLANG_WARN_NON_LITERAL_NULL_CONVERSION = YES;
				CLANG_WARN_OBJC_IMPLICIT_RETAIN_SELF = YES;
				CLANG_WARN_OBJC_LITERAL_CONVERSION = YES;
				CLANG_WARN_OBJC_ROOT_CLASS = YES_ERROR;
				CLANG_WARN_QUOTED_INCLUDE_IN_FRAMEWORK_HEADER = YES;
				CLANG_WARN_RANGE_LOOP_ANALYSIS = YES;
				CLANG_WARN_STRICT_PROTOTYPES = YES;
				CLANG_WARN_SUSPICIOUS_MOVE = YES;
				CLANG_WARN_UNGUARDED_AVAILABILITY = YES_AGGRESSIVE;
				CLANG_WARN_UNREACHABLE_CODE = YES;
				CLANG_WARN__DUPLICATE_METHOD_MATCH = YES;
				COPY_PHASE_STRIP = NO;
				DEBUG_INFORMATION_FORMAT = dwarf;
				ENABLE_STRICT_OBJC_MSGSEND = YES;
				ENABLE_TESTABILITY = YES;
				GCC_C_LANGUAGE_STANDARD = gnu11;
				GCC_DYNAMIC_NO_PIC = NO;
				GCC_NO_COMMON_BLOCKS = YES;
				GCC_OPTIMIZATION_LEVEL = 0;
				GCC_PREPROCESSOR_DEFINITIONS = (
					"DEBUG=1",
					"$(inherited)",
				);
				GCC_WARN_64_TO_32_BIT_CONVERSION = YES;
				GCC_WARN_ABOUT_RETURN_TYPE = YES_ERROR;
				GCC_WARN_UNDECLARED_SELECTOR = YES;
				GCC_WARN_UNINITIALIZED_AUTOS = YES_AGGRESSIVE;
				GCC_WARN_UNUSED_FUNCTION = YES;
				GCC_WARN_UNUSED_VARIABLE = YES;
				MTL_ENABLE_DEBUG_INFO = INCLUDE_SOURCE;
				MTL_FAST_MATH = YES;
				ONLY_ACTIVE_ARCH = YES;
				SWIFT_ACTIVE_COMPILATION_CONDITIONS = DEBUG;
				SWIFT_OPTIMIZATION_LEVEL = "-Onone";
			};
			name = Debug;
		};
		2F3E50F42907EC4500B1D9AB /* Release */ = {
			isa = XCBuildConfiguration;
			buildSettings = {
				ALWAYS_SEARCH_USER_PATHS = NO;
				CLANG_ANALYZER_NONNULL = YES;
				CLANG_ANALYZER_NUMBER_OBJECT_CONVERSION = YES_AGGRESSIVE;
				CLANG_CXX_LANGUAGE_STANDARD = "gnu++20";
				CLANG_ENABLE_MODULES = YES;
				CLANG_ENABLE_OBJC_ARC = YES;
				CLANG_ENABLE_OBJC_WEAK = YES;
				CLANG_WARN_BLOCK_CAPTURE_AUTORELEASING = YES;
				CLANG_WARN_BOOL_CONVERSION = YES;
				CLANG_WARN_COMMA = YES;
				CLANG_WARN_CONSTANT_CONVERSION = YES;
				CLANG_WARN_DEPRECATED_OBJC_IMPLEMENTATIONS = YES;
				CLANG_WARN_DIRECT_OBJC_ISA_USAGE = YES_ERROR;
				CLANG_WARN_DOCUMENTATION_COMMENTS = YES;
				CLANG_WARN_EMPTY_BODY = YES;
				CLANG_WARN_ENUM_CONVERSION = YES;
				CLANG_WARN_INFINITE_RECURSION = YES;
				CLANG_WARN_INT_CONVERSION = YES;
				CLANG_WARN_NON_LITERAL_NULL_CONVERSION = YES;
				CLANG_WARN_OBJC_IMPLICIT_RETAIN_SELF = YES;
				CLANG_WARN_OBJC_LITERAL_CONVERSION = YES;
				CLANG_WARN_OBJC_ROOT_CLASS = YES_ERROR;
				CLANG_WARN_QUOTED_INCLUDE_IN_FRAMEWORK_HEADER = YES;
				CLANG_WARN_RANGE_LOOP_ANALYSIS = YES;
				CLANG_WARN_STRICT_PROTOTYPES = YES;
				CLANG_WARN_SUSPICIOUS_MOVE = YES;
				CLANG_WARN_UNGUARDED_AVAILABILITY = YES_AGGRESSIVE;
				CLANG_WARN_UNREACHABLE_CODE = YES;
				CLANG_WARN__DUPLICATE_METHOD_MATCH = YES;
				COPY_PHASE_STRIP = NO;
				DEBUG_INFORMATION_FORMAT = "dwarf-with-dsym";
				ENABLE_NS_ASSERTIONS = NO;
				ENABLE_STRICT_OBJC_MSGSEND = YES;
				GCC_C_LANGUAGE_STANDARD = gnu11;
				GCC_NO_COMMON_BLOCKS = YES;
				GCC_WARN_64_TO_32_BIT_CONVERSION = YES;
				GCC_WARN_ABOUT_RETURN_TYPE = YES_ERROR;
				GCC_WARN_UNDECLARED_SELECTOR = YES;
				GCC_WARN_UNINITIALIZED_AUTOS = YES_AGGRESSIVE;
				GCC_WARN_UNUSED_FUNCTION = YES;
				GCC_WARN_UNUSED_VARIABLE = YES;
				MTL_ENABLE_DEBUG_INFO = NO;
				MTL_FAST_MATH = YES;
				SWIFT_COMPILATION_MODE = wholemodule;
				SWIFT_OPTIMIZATION_LEVEL = "-O";
			};
			name = Release;
		};
		2F3E50F62907EC4500B1D9AB /* Debug */ = {
			isa = XCBuildConfiguration;
			buildSettings = {
				ASSETCATALOG_COMPILER_APPICON_NAME = AppIcon;
				ASSETCATALOG_COMPILER_GLOBAL_ACCENT_COLOR_NAME = AccentColor;
				CODE_SIGN_ENTITLEMENTS = "GVC-Apple-Multiplatform/GVC_Apple_Multiplatform.entitlements";
				CODE_SIGN_STYLE = Automatic;
				CURRENT_PROJECT_VERSION = 1;
				DEVELOPMENT_ASSET_PATHS = "\"GVC-Apple-Multiplatform/Preview Content\"";
				DEVELOPMENT_TEAM = 4BP826FJGX;
				ENABLE_HARDENED_RUNTIME = YES;
				ENABLE_PREVIEWS = YES;
				GENERATE_INFOPLIST_FILE = YES;
				"INFOPLIST_KEY_UIApplicationSceneManifest_Generation[sdk=iphoneos*]" = YES;
				"INFOPLIST_KEY_UIApplicationSceneManifest_Generation[sdk=iphonesimulator*]" = YES;
				"INFOPLIST_KEY_UIApplicationSupportsIndirectInputEvents[sdk=iphoneos*]" = YES;
				"INFOPLIST_KEY_UIApplicationSupportsIndirectInputEvents[sdk=iphonesimulator*]" = YES;
				"INFOPLIST_KEY_UILaunchScreen_Generation[sdk=iphoneos*]" = YES;
				"INFOPLIST_KEY_UILaunchScreen_Generation[sdk=iphonesimulator*]" = YES;
				"INFOPLIST_KEY_UIStatusBarStyle[sdk=iphoneos*]" = UIStatusBarStyleDefault;
				"INFOPLIST_KEY_UIStatusBarStyle[sdk=iphonesimulator*]" = UIStatusBarStyleDefault;
				INFOPLIST_KEY_UISupportedInterfaceOrientations_iPad = "UIInterfaceOrientationPortrait UIInterfaceOrientationPortraitUpsideDown UIInterfaceOrientationLandscapeLeft UIInterfaceOrientationLandscapeRight";
				INFOPLIST_KEY_UISupportedInterfaceOrientations_iPhone = "UIInterfaceOrientationPortrait UIInterfaceOrientationLandscapeLeft UIInterfaceOrientationLandscapeRight";
				IPHONEOS_DEPLOYMENT_TARGET = 16.0;
				LD_RUNPATH_SEARCH_PATHS = "@executable_path/Frameworks";
				"LD_RUNPATH_SEARCH_PATHS[sdk=macosx*]" = "@executable_path/../Frameworks";
				MACOSX_DEPLOYMENT_TARGET = 12.3;
				MARKETING_VERSION = 1.0;
				PRODUCT_BUNDLE_IDENTIFIER = "dev.neurothrone.GVC-Apple-Multiplatform";
				PRODUCT_NAME = "$(TARGET_NAME)";
				SDKROOT = auto;
				SUPPORTED_PLATFORMS = "iphoneos iphonesimulator macosx";
				SWIFT_EMIT_LOC_STRINGS = YES;
				SWIFT_VERSION = 5.0;
				TARGETED_DEVICE_FAMILY = "1,2";
			};
			name = Debug;
		};
		2F3E50F72907EC4500B1D9AB /* Release */ = {
			isa = XCBuildConfiguration;
			buildSettings = {
				ASSETCATALOG_COMPILER_APPICON_NAME = AppIcon;
				ASSETCATALOG_COMPILER_GLOBAL_ACCENT_COLOR_NAME = AccentColor;
				CODE_SIGN_ENTITLEMENTS = "GVC-Apple-Multiplatform/GVC_Apple_Multiplatform.entitlements";
				CODE_SIGN_STYLE = Automatic;
				CURRENT_PROJECT_VERSION = 1;
				DEVELOPMENT_ASSET_PATHS = "\"GVC-Apple-Multiplatform/Preview Content\"";
				DEVELOPMENT_TEAM = 4BP826FJGX;
				ENABLE_HARDENED_RUNTIME = YES;
				ENABLE_PREVIEWS = YES;
				GENERATE_INFOPLIST_FILE = YES;
				"INFOPLIST_KEY_UIApplicationSceneManifest_Generation[sdk=iphoneos*]" = YES;
				"INFOPLIST_KEY_UIApplicationSceneManifest_Generation[sdk=iphonesimulator*]" = YES;
				"INFOPLIST_KEY_UIApplicationSupportsIndirectInputEvents[sdk=iphoneos*]" = YES;
				"INFOPLIST_KEY_UIApplicationSupportsIndirectInputEvents[sdk=iphonesimulator*]" = YES;
				"INFOPLIST_KEY_UILaunchScreen_Generation[sdk=iphoneos*]" = YES;
				"INFOPLIST_KEY_UILaunchScreen_Generation[sdk=iphonesimulator*]" = YES;
				"INFOPLIST_KEY_UIStatusBarStyle[sdk=iphoneos*]" = UIStatusBarStyleDefault;
				"INFOPLIST_KEY_UIStatusBarStyle[sdk=iphonesimulator*]" = UIStatusBarStyleDefault;
				INFOPLIST_KEY_UISupportedInterfaceOrientations_iPad = "UIInterfaceOrientationPortrait UIInterfaceOrientationPortraitUpsideDown UIInterfaceOrientationLandscapeLeft UIInterfaceOrientationLandscapeRight";
				INFOPLIST_KEY_UISupportedInterfaceOrientations_iPhone = "UIInterfaceOrientationPortrait UIInterfaceOrientationLandscapeLeft UIInterfaceOrientationLandscapeRight";
				IPHONEOS_DEPLOYMENT_TARGET = 16.0;
				LD_RUNPATH_SEARCH_PATHS = "@executable_path/Frameworks";
				"LD_RUNPATH_SEARCH_PATHS[sdk=macosx*]" = "@executable_path/../Frameworks";
				MACOSX_DEPLOYMENT_TARGET = 12.3;
				MARKETING_VERSION = 1.0;
				PRODUCT_BUNDLE_IDENTIFIER = "dev.neurothrone.GVC-Apple-Multiplatform";
				PRODUCT_NAME = "$(TARGET_NAME)";
				SDKROOT = auto;
				SUPPORTED_PLATFORMS = "iphoneos iphonesimulator macosx";
				SWIFT_EMIT_LOC_STRINGS = YES;
				SWIFT_VERSION = 5.0;
				TARGETED_DEVICE_FAMILY = "1,2";
			};
			name = Release;
		};
/* End XCBuildConfiguration section */

/* Begin XCConfigurationList section */
		2F3E50E12907EC4400B1D9AB /* Build configuration list for PBXProject "GVC-Apple-Multiplatform" */ = {
			isa = XCConfigurationList;
			buildConfigurations = (
				2F3E50F32907EC4500B1D9AB /* Debug */,
				2F3E50F42907EC4500B1D9AB /* Release */,
			);
			defaultConfigurationIsVisible = 0;
			defaultConfigurationName = Release;
		};
		2F3E50F52907EC4500B1D9AB /* Build configuration list for PBXNativeTarget "GVC-Apple-Multiplatform" */ = {
			isa = XCConfigurationList;
			buildConfigurations = (
				2F3E50F62907EC4500B1D9AB /* Debug */,
				2F3E50F72907EC4500B1D9AB /* Release */,
			);
			defaultConfigurationIsVisible = 0;
			defaultConfigurationName = Release;
		};
/* End XCConfigurationList section */

/* Begin XCRemoteSwiftPackageReference section */
		2F3893552907F11700E0FF86 /* XCRemoteSwiftPackageReference "gvc-core" */ = {
			isa = XCRemoteSwiftPackageReference;
			repositoryURL = "https://github.com/neurothrone/gvc-core.git";
			requirement = {
				branch = main;
				kind = branch;
			};
		};
/* End XCRemoteSwiftPackageReference section */

/* Begin XCSwiftPackageProductDependency section */
		2F3893562907F11700E0FF86 /* GVCCore */ = {
			isa = XCSwiftPackageProductDependency;
			package = 2F3893552907F11700E0FF86 /* XCRemoteSwiftPackageReference "gvc-core" */;
			productName = GVCCore;
		};
/* End XCSwiftPackageProductDependency section */
	};
	rootObject = 2F3E50DE2907EC4400B1D9AB /* Project object */;
}
